
Microsoft Visual Studio Solution File, Format Version 10.00
# Visual Studio 2008
Project("{DA846B5C-BB3E-474A-90D1-B131339320E6}") = "stream_basic", "stream_basic.vcproj", "{DD42DB40-31D6-48D9-8726-D4E793044944}"
EndProject
Global
	GlobalSection(SolutionConfigurationPlatforms) = preSolution
		Debug|Win32 = Debug|Win32
		Debug|x64 = Debug|x64
		Release|Win32 = Release|Win32
		Release|x64 = Release|x64
	EndGlobalSection
	GlobalSection(ProjectConfigurationPlatforms) = postSolution
		{DD42DB40-31D6-48D9-8726-D4E793044944}.Debug|Win32.ActiveCfg = Debug|Win32
		{DD42DB40-31D6-48D9-8726-D4E793044944}.Debug|Win32.Build.0 = Debug|Win32
		{DD42DB40-31D6-48D9-8726-D4E793044944}.Debug|x64.ActiveCfg = Debug|x64
		{DD42DB40-31D6-48D9-8726-D4E793044944}.Debug|x64.Build.0 = Debug|x64
		{DD42DB40-31D6-48D9-8726-D4E793044944}.Release|Win32.ActiveCfg = Release|Win32
		{DD42DB40-31D6-48D9-8726-D4E793044944}.Release|Win32.Build.0 = Release|Win32
		{DD42DB40-31D6-48D9-8726-D4E793044944}.Release|x64.ActiveCfg = Release|x64
		{DD42DB40-31D6-48D9-8726-D4E793044944}.Release|x64.Build.0 = Release|x64
	EndGlobalSection
	GlobalSection(SolutionProperties) = preSolution
		HideSolutionNode = FALSE
	EndGlobalSection
EndGlobal
