
Microsoft Visual Studio Solution File, Format Version 10.00
# Visual Studio 2008
Project("{947001D3-91D8-416F-AA00-21ED81FC4B10}") = "read_ethernet_config", "read_ethernet_config.vcproj", "{41B9D2BF-AE8B-4941-8387-8B92A309D237}"
EndProject
Global
	GlobalSection(SolutionConfigurationPlatforms) = preSolution
		Debug|Win32 = Debug|Win32
		Debug|x64 = Debug|x64
		Release|Win32 = Release|Win32
		Release|x64 = Release|x64
	EndGlobalSection
	GlobalSection(ProjectConfigurationPlatforms) = postSolution
		{41B9D2BF-AE8B-4941-8387-8B92A309D237}.Debug|Win32.ActiveCfg = Debug|Win32
		{41B9D2BF-AE8B-4941-8387-8B92A309D237}.Debug|Win32.Build.0 = Debug|Win32
		{41B9D2BF-AE8B-4941-8387-8B92A309D237}.Debug|x64.ActiveCfg = Debug|x64
		{41B9D2BF-AE8B-4941-8387-8B92A309D237}.Debug|x64.Build.0 = Debug|x64
		{41B9D2BF-AE8B-4941-8387-8B92A309D237}.Release|Win32.ActiveCfg = Release|Win32
		{41B9D2BF-AE8B-4941-8387-8B92A309D237}.Release|Win32.Build.0 = Release|Win32
		{41B9D2BF-AE8B-4941-8387-8B92A309D237}.Release|x64.ActiveCfg = Release|x64
		{41B9D2BF-AE8B-4941-8387-8B92A309D237}.Release|x64.Build.0 = Release|x64
	EndGlobalSection
	GlobalSection(SolutionProperties) = preSolution
		HideSolutionNode = FALSE
	EndGlobalSection
EndGlobal
