{
  "lockfile_version": "1",
  "packages": {
    "bun@latest": {
      "last_modified": "2025-03-13T11:38:39Z",
      "resolved": "github:NixOS/nixpkgs/573c650e8a14b2faa0041645ab18aed7e60f0c9a#bun",
      "source": "devbox-search",
      "version": "1.2.5",
      "systems": {
        "aarch64-darwin": {
          "outputs": [
            {
              "name": "out",
              "path": "/nix/store/rzf81xw57rp8vqjwchbcsqb2fy4j51bm-bun-1.2.5",
              "default": true
            }
          ],
          "store_path": "/nix/store/rzf81xw57rp8vqjwchbcsqb2fy4j51bm-bun-1.2.5"
        },
        "aarch64-linux": {
          "outputs": [
            {
              "name": "out",
              "path": "/nix/store/2rqxjvjk0dmr1wjw4sqy3grx3y6brk2c-bun-1.2.5",
              "default": true
            }
          ],
          "store_path": "/nix/store/2rqxjvjk0dmr1wjw4sqy3grx3y6brk2c-bun-1.2.5"
        },
        "x86_64-darwin": {
          "outputs": [
            {
              "name": "out",
              "path": "/nix/store/6nnqxvad5qw8clhawzabld44zngj76j7-bun-1.2.5",
              "default": true
            }
          ],
          "store_path": "/nix/store/6nnqxvad5qw8clhawzabld44zngj76j7-bun-1.2.5"
        },
        "x86_64-linux": {
          "outputs": [
            {
              "name": "out",
              "path": "/nix/store/g8k9g77pf9a1pqbjhfnsh6qam4j5a3cg-bun-1.2.5",
              "default": true
            }
          ],
          "store_path": "/nix/store/g8k9g77pf9a1pqbjhfnsh6qam4j5a3cg-bun-1.2.5"
        }
      }
    },
    "docker-compose@latest": {
      "last_modified": "2025-03-16T16:17:41Z",
      "resolved": "github:NixOS/nixpkgs/8f76cf16b17c51ae0cc8e55488069593f6dab645#docker-compose",
      "source": "devbox-search",
      "version": "2.34.0",
      "systems": {
        "aarch64-darwin": {
          "outputs": [
            {
              "name": "out",
              "path": "/nix/store/ikfa6d57lxqx5qj0q61r78vb2wyw6dy5-docker-compose-2.34.0",
              "default": true
            }
          ],
          "store_path": "/nix/store/ikfa6d57lxqx5qj0q61r78vb2wyw6dy5-docker-compose-2.34.0"
        },
        "aarch64-linux": {
          "outputs": [
            {
              "name": "out",
              "path": "/nix/store/8y0wk9ywhw12jp96nrbfbhns6z73dd7j-docker-compose-2.34.0",
              "default": true
            }
          ],
          "store_path": "/nix/store/8y0wk9ywhw12jp96nrbfbhns6z73dd7j-docker-compose-2.34.0"
        },
        "x86_64-darwin": {
          "outputs": [
            {
              "name": "out",
              "path": "/nix/store/cs3vbxsc2hpq9d1jrahk53081a3wkkj4-docker-compose-2.34.0",
              "default": true
            }
          ],
          "store_path": "/nix/store/cs3vbxsc2hpq9d1jrahk53081a3wkkj4-docker-compose-2.34.0"
        },
        "x86_64-linux": {
          "outputs": [
            {
              "name": "out",
              "path": "/nix/store/840ljs87zhvar8jlzkzdn0sigl69p8gh-docker-compose-2.34.0",
              "default": true
            }
          ],
          "store_path": "/nix/store/840ljs87zhvar8jlzkzdn0sigl69p8gh-docker-compose-2.34.0"
        }
      }
    },
    "docker@latest": {
      "last_modified": "2025-04-05T00:48:53Z",
      "resolved": "github:NixOS/nixpkgs/250b695f41e0e2f5afbf15c6b12480de1fe0001b#docker",
      "source": "devbox-search",
      "version": "27.5.1",
      "systems": {
        "aarch64-darwin": {
          "outputs": [
            {
              "name": "out",
              "path": "/nix/store/a72404qawpm1vadryld90p11zq9430x5-docker-27.5.1",
              "default": true
            }
          ],
          "store_path": "/nix/store/a72404qawpm1vadryld90p11zq9430x5-docker-27.5.1"
        },
        "aarch64-linux": {
          "outputs": [
            {
              "name": "out",
              "path": "/nix/store/d6q3ikk1lnxcn9i4q8bw3y19p25f5avz-docker-27.5.1",
              "default": true
            }
          ],
          "store_path": "/nix/store/d6q3ikk1lnxcn9i4q8bw3y19p25f5avz-docker-27.5.1"
        },
        "x86_64-darwin": {
          "outputs": [
            {
              "name": "out",
              "path": "/nix/store/z718glkxf2b0p0d9sdla6n73wzw1r70l-docker-27.5.1",
              "default": true
            }
          ],
          "store_path": "/nix/store/z718glkxf2b0p0d9sdla6n73wzw1r70l-docker-27.5.1"
        },
        "x86_64-linux": {
          "outputs": [
            {
              "name": "out",
              "path": "/nix/store/jw2smk3rbzp0fwrwdjcxdz9h0ssib8s4-docker-27.5.1",
              "default": true
            }
          ],
          "store_path": "/nix/store/jw2smk3rbzp0fwrwdjcxdz9h0ssib8s4-docker-27.5.1"
        }
      }
    },
    "github:NixOS/nixpkgs/nixpkgs-unstable": {
      "last_modified": "2025-04-23T03:04:08Z",
      "resolved": "github:NixOS/nixpkgs/507b63021ada5fee621b6ca371c4fca9ca46f52c?lastModified=1745377448&narHash=sha256-jhZDfXVKdD7TSEGgzFJQvEEZ2K65UMiqW5YJ2aIqxMA%3D"
    },
    "inotify-tools@latest": {
      "last_modified": "2025-02-26T05:29:08Z",
      "resolved": "github:NixOS/nixpkgs/3a05eebede89661660945da1f151959900903b6a#inotify-tools",
      "source": "devbox-search",
      "version": "4.23.9.0",
      "systems": {
        "aarch64-linux": {
          "outputs": [
            {
              "name": "out",
              "path": "/nix/store/zr34knjwfl7vjkhh5rlk44c5g85l49qq-inotify-tools-4.23.9.0",
              "default": true
            }
          ],
          "store_path": "/nix/store/zr34knjwfl7vjkhh5rlk44c5g85l49qq-inotify-tools-4.23.9.0"
        },
        "x86_64-linux": {
          "outputs": [
            {
              "name": "out",
              "path": "/nix/store/1zfx7609dv3ixkckl1kkaig5n5861cbi-inotify-tools-4.23.9.0",
              "default": true
            }
          ],
          "store_path": "/nix/store/1zfx7609dv3ixkckl1kkaig5n5861cbi-inotify-tools-4.23.9.0"
        }
      }
    },
    "libiconv@latest": {
      "last_modified": "2025-03-17T10:12:08Z",
      "resolved": "github:NixOS/nixpkgs/096478927c360bc18ea80c8274f013709cf7bdcd#libiconv",
      "source": "devbox-search",
      "version": "2.40",
      "systems": {
        "aarch64-linux": {
          "outputs": [
            {
              "name": "out",
              "path": "/nix/store/c9fb1rxyiw3qamh4l57r2qj7h44gx19s-glibc-iconv-2.40",
              "default": true
            }
          ],
          "store_path": "/nix/store/c9fb1rxyiw3qamh4l57r2qj7h44gx19s-glibc-iconv-2.40"
        },
        "x86_64-linux": {
          "outputs": [
            {
              "name": "out",
              "path": "/nix/store/sf44rxm9m32aj0393h6m5q45kb8nxmbi-glibc-iconv-2.40",
              "default": true
            }
          ],
          "store_path": "/nix/store/sf44rxm9m32aj0393h6m5q45kb8nxmbi-glibc-iconv-2.40"
        }
      }
    },
    "libudev-zero@latest": {
      "last_modified": "2025-02-23T09:42:26Z",
      "resolved": "github:NixOS/nixpkgs/2d068ae5c6516b2d04562de50a58c682540de9bf#libudev-zero",
      "source": "devbox-search",
      "version": "1.0.3",
      "systems": {
        "aarch64-linux": {
          "outputs": [
            {
              "name": "out",
              "path": "/nix/store/g68xqywdv0jczrwg5gwqynsa72hvvjjq-libudev-zero-1.0.3",
              "default": true
            }
          ],
          "store_path": "/nix/store/g68xqywdv0jczrwg5gwqynsa72hvvjjq-libudev-zero-1.0.3"
        },
        "x86_64-linux": {
          "outputs": [
            {
              "name": "out",
              "path": "/nix/store/jjkmfjrf772aznwa2qi256nkagb9f4n7-libudev-zero-1.0.3",
              "default": true
            }
          ],
          "store_path": "/nix/store/jjkmfjrf772aznwa2qi256nkagb9f4n7-libudev-zero-1.0.3"
        }
      }
    },
    "openssl@latest": {
      "last_modified": "2025-03-17T10:12:08Z",
      "resolved": "github:NixOS/nixpkgs/096478927c360bc18ea80c8274f013709cf7bdcd#openssl",
      "source": "devbox-search",
      "version": "3.4.1",
      "systems": {
        "aarch64-darwin": {
          "outputs": [
            {
              "name": "bin",
              "path": "/nix/store/3vww53wl93ykrzfpwiyh3qxkrq4csnws-openssl-3.4.1-bin",
              "default": true
            },
            {
              "name": "man",
              "path": "/nix/store/ijl4khdrf2vfn6njjdp1mr4xmvgccwdx-openssl-3.4.1-man",
              "default": true
            },
            {
              "name": "dev",
              "path": "/nix/store/p5kl6l6yx56m1p3ngnrahb3s6sq2qqmj-openssl-3.4.1-dev"
            },
            {
              "name": "doc",
              "path": "/nix/store/dhb33vzk1j5r8843747zgwpbsnbqky5r-openssl-3.4.1-doc"
            },
            {
              "name": "out",
              "path": "/nix/store/632hkjxqm9877a1l1fvbjw00hp5z9srw-openssl-3.4.1"
            }
          ],
          "store_path": "/nix/store/3vww53wl93ykrzfpwiyh3qxkrq4csnws-openssl-3.4.1-bin"
        },
        "aarch64-linux": {
          "outputs": [
            {
              "name": "bin",
              "path": "/nix/store/37qzbvcm4chvjkxa2bnzw49pvsmg5rbz-openssl-3.4.1-bin",
              "default": true
            },
            {
              "name": "man",
              "path": "/nix/store/x7wxcgxgjkxz916rhyc69hq73ln036ic-openssl-3.4.1-man",
              "default": true
            },
            {
              "name": "debug",
              "path": "/nix/store/460k0bdwz3hl8yw029xq2i04gvp5jg7x-openssl-3.4.1-debug"
            },
            {
              "name": "dev",
              "path": "/nix/store/w767vxkkxk0a6w4q686rpa2jyrk7jwhh-openssl-3.4.1-dev"
            },
            {
              "name": "doc",
              "path": "/nix/store/28n6x9fm46xw85z1s054cbz1s7zvdjjh-openssl-3.4.1-doc"
            },
            {
              "name": "out",
              "path": "/nix/store/8qvch536iwkzgbfi9zp62qd3hhbp3y44-openssl-3.4.1"
            }
          ],
          "store_path": "/nix/store/37qzbvcm4chvjkxa2bnzw49pvsmg5rbz-openssl-3.4.1-bin"
        },
        "x86_64-darwin": {
          "outputs": [
            {
              "name": "bin",
              "path": "/nix/store/8l7820d6x46w5x4c9rlmkl3w2fyg8x8x-openssl-3.4.1-bin",
              "default": true
            },
            {
              "name": "man",
              "path": "/nix/store/xxmr1pzq3ggrd4q5pwbvskh656r4ib05-openssl-3.4.1-man",
              "default": true
            },
            {
              "name": "out",
              "path": "/nix/store/1mcrp132pjnfcmdvm1hb2sdvfl3yl2vx-openssl-3.4.1"
            },
            {
              "name": "dev",
              "path": "/nix/store/0v17cghlz8kqv1mgbslbcnfzbvryfxlb-openssl-3.4.1-dev"
            },
            {
              "name": "doc",
              "path": "/nix/store/l1qrx626psi8nblpi4spmm2ix9vnz297-openssl-3.4.1-doc"
            }
          ],
          "store_path": "/nix/store/8l7820d6x46w5x4c9rlmkl3w2fyg8x8x-openssl-3.4.1-bin"
        },
        "x86_64-linux": {
          "outputs": [
            {
              "name": "bin",
              "path": "/nix/store/nc9zks4mdn9bkpmhkgvn02xbm965fcd6-openssl-3.4.1-bin",
              "default": true
            },
            {
              "name": "man",
              "path": "/nix/store/y6bmrdlnyhafsa4xmq57zs5am3d1dag6-openssl-3.4.1-man",
              "default": true
            },
            {
              "name": "out",
              "path": "/nix/store/99cizfcv53x3mjb15cx7kmdxsglp17hc-openssl-3.4.1"
            },
            {
              "name": "debug",
              "path": "/nix/store/k4l54afpk14dwk61xm6hpa8gmc6yafwk-openssl-3.4.1-debug"
            },
            {
              "name": "dev",
              "path": "/nix/store/9lq31bk3niis5sfaaqxw8z9rxnh0x3fj-openssl-3.4.1-dev"
            },
            {
              "name": "doc",
              "path": "/nix/store/4j9l1ry4byrd71j79c86vk3spmwv1ass-openssl-3.4.1-doc"
            }
          ],
          "store_path": "/nix/store/nc9zks4mdn9bkpmhkgvn02xbm965fcd6-openssl-3.4.1-bin"
        }
      }
    },
    "pkg-config@latest": {
      "last_modified": "2025-02-27T15:48:43Z",
      "resolved": "github:NixOS/nixpkgs/6c5c5f5100281f8f4ff23f13edd17d645178c87c#pkg-config",
      "source": "devbox-search",
      "version": "0.29.2",
      "systems": {
        "aarch64-darwin": {
          "outputs": [
            {
              "name": "out",
              "path": "/nix/store/ncw1xgww5br70kxchcnlg7mbsgwgba50-pkg-config-wrapper-0.29.2",
              "default": true
            },
            {
              "name": "man",
              "path": "/nix/store/dbixvi2qm6jkx34w3x7n0l1kcb87rycd-pkg-config-wrapper-0.29.2-man",
              "default": true
            },
            {
              "name": "doc",
              "path": "/nix/store/j6r8mz0894cm0mqfaj0jsy20ywfskphg-pkg-config-wrapper-0.29.2-doc"
            }
          ],
          "store_path": "/nix/store/ncw1xgww5br70kxchcnlg7mbsgwgba50-pkg-config-wrapper-0.29.2"
        },
        "aarch64-linux": {
          "outputs": [
            {
              "name": "out",
              "path": "/nix/store/inp4fiamd05xgr1z1jp57y6kfsi45mcx-pkg-config-wrapper-0.29.2",
              "default": true
            },
            {
              "name": "man",
              "path": "/nix/store/rqx4s07ddv71iw317fpc8yi4r0h44vvb-pkg-config-wrapper-0.29.2-man",
              "default": true
            },
            {
              "name": "doc",
              "path": "/nix/store/z1y4ggn7d9wjqki3hak608lh8fp3gclw-pkg-config-wrapper-0.29.2-doc"
            }
          ],
          "store_path": "/nix/store/inp4fiamd05xgr1z1jp57y6kfsi45mcx-pkg-config-wrapper-0.29.2"
        },
        "x86_64-darwin": {
          "outputs": [
            {
              "name": "out",
              "path": "/nix/store/vhm1xwz33swh2f92slw2f82s5fnmsrjg-pkg-config-wrapper-0.29.2",
              "default": true
            },
            {
              "name": "man",
              "path": "/nix/store/m6k07pppjhjz33ixg85zpcscybb10kb7-pkg-config-wrapper-0.29.2-man",
              "default": true
            },
            {
              "name": "doc",
              "path": "/nix/store/jhwihmfdg3ynhvj97pi21m7qlh7rvy3q-pkg-config-wrapper-0.29.2-doc"
            }
          ],
          "store_path": "/nix/store/vhm1xwz33swh2f92slw2f82s5fnmsrjg-pkg-config-wrapper-0.29.2"
        },
        "x86_64-linux": {
          "outputs": [
            {
              "name": "out",
              "path": "/nix/store/601zbsyxn1zqx22yrif9yxa1x450qfc8-pkg-config-wrapper-0.29.2",
              "default": true
            },
            {
              "name": "man",
              "path": "/nix/store/1y54xdc0mszkx9qwn9lslf8ryxrlvhk0-pkg-config-wrapper-0.29.2-man",
              "default": true
            },
            {
              "name": "doc",
              "path": "/nix/store/73v8qmya6w17qh764x0kjcv6z5vc1lq0-pkg-config-wrapper-0.29.2-doc"
            }
          ],
          "store_path": "/nix/store/601zbsyxn1zqx22yrif9yxa1x450qfc8-pkg-config-wrapper-0.29.2"
        }
      }
    },
    "pkgconfig@latest": {
      "last_modified": "2023-02-24T09:01:09Z",
      "resolved": "github:NixOS/nixpkgs/7d0ed7f2e5aea07ab22ccb338d27fbe347ed2f11#pkgconfig",
      "source": "devbox-search",
      "version": "0.29.2",
      "systems": {
        "x86_64-linux": {
          "outputs": [
            {
              "path": "/nix/store/lrb01sby9jg4hfqhr32s28igg77bhcwr-pkg-config-wrapper-0.29.2",
              "default": true
            },
            {
              "name": "man",
              "path": "/nix/store/p1daqgj07pz2yykvd8qydi4zl11ahp0h-pkg-config-wrapper-0.29.2-man",
              "default": true
            }
          ]
        }
      }
    },
    "protobuf@latest": {
      "last_modified": "2025-02-23T09:42:26Z",
      "resolved": "github:NixOS/nixpkgs/2d068ae5c6516b2d04562de50a58c682540de9bf#protobuf",
      "source": "devbox-search",
      "version": "29.3",
      "systems": {
        "aarch64-darwin": {
          "outputs": [
            {
              "name": "out",
              "path": "/nix/store/58jn4whaqazv0s1q8h7j8hhjm60jnwg1-protobuf-29.3",
              "default": true
            }
          ],
          "store_path": "/nix/store/58jn4whaqazv0s1q8h7j8hhjm60jnwg1-protobuf-29.3"
        },
        "aarch64-linux": {
          "outputs": [
            {
              "name": "out",
              "path": "/nix/store/dkmbrfpg34973hpsz798rcahp7p1wjp7-protobuf-29.3",
              "default": true
            }
          ],
          "store_path": "/nix/store/dkmbrfpg34973hpsz798rcahp7p1wjp7-protobuf-29.3"
        },
        "x86_64-darwin": {
          "outputs": [
            {
              "name": "out",
              "path": "/nix/store/nlxw7z42pfanpds5y403a2sik4zw0q3h-protobuf-29.3",
              "default": true
            }
          ],
          "store_path": "/nix/store/nlxw7z42pfanpds5y403a2sik4zw0q3h-protobuf-29.3"
        },
        "x86_64-linux": {
          "outputs": [
            {
              "name": "out",
              "path": "/nix/store/ivbs25cdr9mhfrzvamiq824c6xadxsn8-protobuf-29.3",
              "default": true
            }
          ],
          "store_path": "/nix/store/ivbs25cdr9mhfrzvamiq824c6xadxsn8-protobuf-29.3"
        }
      }
    },
    "rustup@latest": {
      "last_modified": "2025-03-11T17:52:14Z",
      "plugin_version": "0.0.1",
      "resolved": "github:NixOS/nixpkgs/0d534853a55b5d02a4ababa1d71921ce8f0aee4c#rustup",
      "source": "devbox-search",
      "version": "1.27.1",
      "systems": {
        "aarch64-darwin": {
          "outputs": [
            {
              "name": "out",
              "path": "/nix/store/wrfks4kh42ic42862jpnq382aq153l71-rustup-1.27.1",
              "default": true
            }
          ],
          "store_path": "/nix/store/wrfks4kh42ic42862jpnq382aq153l71-rustup-1.27.1"
        },
        "aarch64-linux": {
          "outputs": [
            {
              "name": "out",
              "path": "/nix/store/cd8hjr11047c1ygmi3vaj01k5laknch5-rustup-1.27.1",
              "default": true
            }
          ],
          "store_path": "/nix/store/cd8hjr11047c1ygmi3vaj01k5laknch5-rustup-1.27.1"
        },
        "x86_64-darwin": {
          "outputs": [
            {
              "name": "out",
              "path": "/nix/store/sfmv13w9bqvnx03xshiwx387zwffh2iq-rustup-1.27.1",
              "default": true
            }
          ],
          "store_path": "/nix/store/sfmv13w9bqvnx03xshiwx387zwffh2iq-rustup-1.27.1"
        },
        "x86_64-linux": {
          "outputs": [
            {
              "name": "out",
              "path": "/nix/store/dl3rjwl31d31qkga5i7nnygvbcyxpfn3-rustup-1.27.1",
              "default": true
            }
          ],
          "store_path": "/nix/store/dl3rjwl31d31qkga5i7nnygvbcyxpfn3-rustup-1.27.1"
        }
      }
    },
    "sqld@latest": {
      "last_modified": "2025-03-13T11:38:39Z",
      "resolved": "github:NixOS/nixpkgs/573c650e8a14b2faa0041645ab18aed7e60f0c9a#sqld",
      "source": "devbox-search",
      "version": "0.24.32",
      "systems": {
        "aarch64-darwin": {
          "outputs": [
            {
              "name": "out",
              "path": "/nix/store/hjvrgsi92pwj0m8ihv3fmyzbb1vy1hf1-sqld-0.24.32",
              "default": true
            }
          ],
          "store_path": "/nix/store/hjvrgsi92pwj0m8ihv3fmyzbb1vy1hf1-sqld-0.24.32"
        },
        "aarch64-linux": {
          "outputs": [
            {
              "name": "out",
              "path": "/nix/store/12zba0bis4cdlw23pcfamx7hdi35j9sv-sqld-0.24.32",
              "default": true
            }
          ],
          "store_path": "/nix/store/12zba0bis4cdlw23pcfamx7hdi35j9sv-sqld-0.24.32"
        },
        "x86_64-darwin": {
          "outputs": [
            {
              "name": "out",
              "path": "/nix/store/imn2iy3v3g65nadnlrsig3ngqrf3kcrc-sqld-0.24.32",
              "default": true
            }
          ],
          "store_path": "/nix/store/imn2iy3v3g65nadnlrsig3ngqrf3kcrc-sqld-0.24.32"
        },
        "x86_64-linux": {
          "outputs": [
            {
              "name": "out",
              "path": "/nix/store/fydvydzzbp5mlkgw4f12g4w85p574yqh-sqld-0.24.32",
              "default": true
            }
          ],
          "store_path": "/nix/store/fydvydzzbp5mlkgw4f12g4w85p574yqh-sqld-0.24.32"
        }
      }
    },
    "sqlite@latest": {
      "last_modified": "2025-03-11T17:52:14Z",
      "resolved": "github:NixOS/nixpkgs/0d534853a55b5d02a4ababa1d71921ce8f0aee4c#sqlite",
      "source": "devbox-search",
      "version": "3.48.0",
      "systems": {
        "aarch64-darwin": {
          "outputs": [
            {
              "name": "bin",
              "path": "/nix/store/0phlhmzy6pp7fsyrpi24cg7242b47zfl-sqlite-3.48.0-bin",
              "default": true
            },
            {
              "name": "man",
              "path": "/nix/store/s35ssarfahp813qw8adr5mcaflrwq7g5-sqlite-3.48.0-man",
              "default": true
            },
            {
              "name": "dev",
              "path": "/nix/store/7659jmimxp2zcbg0g513hk8g0zpxwaha-sqlite-3.48.0-dev"
            },
            {
              "name": "doc",
              "path": "/nix/store/fa831i5pi2blxb1748cf8dw7af0fbkrr-sqlite-3.48.0-doc"
            },
            {
              "name": "out",
              "path": "/nix/store/7wm2il6yjbnnj9x3wmqnvkwg9p0fqh8p-sqlite-3.48.0"
            }
          ],
          "store_path": "/nix/store/0phlhmzy6pp7fsyrpi24cg7242b47zfl-sqlite-3.48.0-bin"
        },
        "aarch64-linux": {
          "outputs": [
            {
              "name": "bin",
              "path": "/nix/store/lx4gxw23d0dvl2dzm3nszfmpzl771gn4-sqlite-3.48.0-bin",
              "default": true
            },
            {
              "name": "man",
              "path": "/nix/store/r9ravn16jw5f56smzhnimbyiv5300spz-sqlite-3.48.0-man",
              "default": true
            },
            {
              "name": "doc",
              "path": "/nix/store/bz8k558jgarh98iw0l3pcl1wwakcqc3z-sqlite-3.48.0-doc"
            },
            {
              "name": "out",
              "path": "/nix/store/f1amwmcgvh9vzkqdcfiddnrwaqk0gyrr-sqlite-3.48.0"
            },
            {
              "name": "debug",
              "path": "/nix/store/k7bapwpkyfy4gwklgcjifh2i37fp9fcs-sqlite-3.48.0-debug"
            },
            {
              "name": "dev",
              "path": "/nix/store/frxaidd6nq12hxprr05pqblz6zvs3vf9-sqlite-3.48.0-dev"
            }
          ],
          "store_path": "/nix/store/lx4gxw23d0dvl2dzm3nszfmpzl771gn4-sqlite-3.48.0-bin"
        },
        "x86_64-darwin": {
          "outputs": [
            {
              "name": "bin",
              "path": "/nix/store/63gs83v7hbcckblg61ffm9sxkhig8rp5-sqlite-3.48.0-bin",
              "default": true
            },
            {
              "name": "man",
              "path": "/nix/store/ijill6lnwgpj87wz6iv7h5kdddrsbwci-sqlite-3.48.0-man",
              "default": true
            },
            {
              "name": "dev",
              "path": "/nix/store/cw1sp5q59s39kg48wcisz6yal1014qnp-sqlite-3.48.0-dev"
            },
            {
              "name": "doc",
              "path": "/nix/store/pcw1hrwm4rwrkib3zw27vmbn4s11487s-sqlite-3.48.0-doc"
            },
            {
              "name": "out",
              "path": "/nix/store/j1rp0zsmd17pwjgcqx0q59kaxkxywra3-sqlite-3.48.0"
            }
          ],
          "store_path": "/nix/store/63gs83v7hbcckblg61ffm9sxkhig8rp5-sqlite-3.48.0-bin"
        },
        "x86_64-linux": {
          "outputs": [
            {
              "name": "bin",
              "path": "/nix/store/zxn0vwvfzsviwm0hhyvqr4wzd86py0n8-sqlite-3.48.0-bin",
              "default": true
            },
            {
              "name": "man",
              "path": "/nix/store/axggbg8l5sbsdb5mzik34k9n1csbbibq-sqlite-3.48.0-man",
              "default": true
            },
            {
              "name": "debug",
              "path": "/nix/store/knc6fymbwlsz5zwladq82vpcfr13gikm-sqlite-3.48.0-debug"
            },
            {
              "name": "dev",
              "path": "/nix/store/5b56zmhilvhla9yv9970ik6kmj46dys1-sqlite-3.48.0-dev"
            },
            {
              "name": "doc",
              "path": "/nix/store/5qpwwp15i09g0ngfqvma7ffhm84dm9cm-sqlite-3.48.0-doc"
            },
            {
              "name": "out",
              "path": "/nix/store/dklcsy2jx4g6irxc5pnka0b3g2niq6k2-sqlite-3.48.0"
            }
          ],
          "store_path": "/nix/store/zxn0vwvfzsviwm0hhyvqr4wzd86py0n8-sqlite-3.48.0-bin"
        }
      }
    },
    "sqlx-cli@latest": {
      "last_modified": "2025-03-07T01:26:00Z",
      "resolved": "github:NixOS/nixpkgs/de0fe301211c267807afd11b12613f5511ff7433#sqlx-cli",
      "source": "devbox-search",
      "version": "0.8.3",
      "systems": {
        "aarch64-darwin": {
          "outputs": [
            {
              "name": "out",
              "path": "/nix/store/6hi6pjk5fakkhz3v20wfbw26bxh1b91l-sqlx-cli-0.8.3",
              "default": true
            }
          ],
          "store_path": "/nix/store/6hi6pjk5fakkhz3v20wfbw26bxh1b91l-sqlx-cli-0.8.3"
        },
        "aarch64-linux": {
          "outputs": [
            {
              "name": "out",
              "path": "/nix/store/4zl79sc5w476yinwjkpkndz97gqi596k-sqlx-cli-0.8.3",
              "default": true
            }
          ],
          "store_path": "/nix/store/4zl79sc5w476yinwjkpkndz97gqi596k-sqlx-cli-0.8.3"
        },
        "x86_64-darwin": {
          "outputs": [
            {
              "name": "out",
              "path": "/nix/store/rdbnxf11l2ibfsi34bwzn9isfziicb0i-sqlx-cli-0.8.3",
              "default": true
            }
          ],
          "store_path": "/nix/store/rdbnxf11l2ibfsi34bwzn9isfziicb0i-sqlx-cli-0.8.3"
        },
        "x86_64-linux": {
          "outputs": [
            {
              "name": "out",
              "path": "/nix/store/xgzyz0i8kkhn2an9c51dfwqib2fq3v5d-sqlx-cli-0.8.3",
              "default": true
            }
          ],
          "store_path": "/nix/store/xgzyz0i8kkhn2an9c51dfwqib2fq3v5d-sqlx-cli-0.8.3"
        }
      }
    },
    "starship@latest": {
      "last_modified": "2025-03-11T17:52:14Z",
      "resolved": "github:NixOS/nixpkgs/0d534853a55b5d02a4ababa1d71921ce8f0aee4c#starship",
      "source": "devbox-search",
      "version": "1.22.1",
      "systems": {
        "aarch64-darwin": {
          "outputs": [
            {
              "name": "out",
              "path": "/nix/store/7m8hv4ijk3wsa00cmavwwn2xx620xy9l-starship-1.22.1",
              "default": true
            }
          ],
          "store_path": "/nix/store/7m8hv4ijk3wsa00cmavwwn2xx620xy9l-starship-1.22.1"
        },
        "aarch64-linux": {
          "outputs": [
            {
              "name": "out",
              "path": "/nix/store/9y3izx2lrqkps6x61cci3plz6dybddj4-starship-1.22.1",
              "default": true
            }
          ],
          "store_path": "/nix/store/9y3izx2lrqkps6x61cci3plz6dybddj4-starship-1.22.1"
        },
        "x86_64-darwin": {
          "outputs": [
            {
              "name": "out",
              "path": "/nix/store/fb4wpkg4vf7gpqz2qg8cdpmqfsjz2zbm-starship-1.22.1",
              "default": true
            }
          ],
          "store_path": "/nix/store/fb4wpkg4vf7gpqz2qg8cdpmqfsjz2zbm-starship-1.22.1"
        },
        "x86_64-linux": {
          "outputs": [
            {
              "name": "out",
              "path": "/nix/store/d2g5lzr45z3ysszbmvqzz6yskzp2wd6q-starship-1.22.1",
              "default": true
            }
          ],
          "store_path": "/nix/store/d2g5lzr45z3ysszbmvqzz6yskzp2wd6q-starship-1.22.1"
        }
      }
    }
  }
}
