{
  "lockfile_version": "1",
  "packages": {
    "bun@latest": {
      "last_modified": "2024-12-26T01:25:00Z",
      "resolved": "github:NixOS/nixpkgs/16e046229f3b4f53257973a5532bcbb72457d2f2#bun",
      "source": "devbox-search",
      "version": "1.1.42",
      "systems": {
        "aarch64-darwin": {
          "outputs": [
            {
              "name": "out",
              "path": "/nix/store/5c73vw31nbji92hggrgjnfi33wzhbxk3-bun-1.1.42",
              "default": true
            }
          ],
          "store_path": "/nix/store/5c73vw31nbji92hggrgjnfi33wzhbxk3-bun-1.1.42"
        },
        "aarch64-linux": {
          "outputs": [
            {
              "name": "out",
              "path": "/nix/store/shm69afh0zrm5r0gkpkj9l0z8l6vkpmr-bun-1.1.42",
              "default": true
            }
          ],
          "store_path": "/nix/store/shm69afh0zrm5r0gkpkj9l0z8l6vkpmr-bun-1.1.42"
        },
        "x86_64-darwin": {
          "outputs": [
            {
              "name": "out",
              "path": "/nix/store/70nzsdr814rka1b3qaxz8b4hfk8r6wi9-bun-1.1.42",
              "default": true
            }
          ],
          "store_path": "/nix/store/70nzsdr814rka1b3qaxz8b4hfk8r6wi9-bun-1.1.42"
        },
        "x86_64-linux": {
          "outputs": [
            {
              "name": "out",
              "path": "/nix/store/ws04zldxbkg26d4qkwyr4km1zd26mach-bun-1.1.42",
              "default": true
            }
          ],
          "store_path": "/nix/store/ws04zldxbkg26d4qkwyr4km1zd26mach-bun-1.1.42"
        }
      }
    },
    "docker-compose@latest": {
      "last_modified": "2024-09-24T01:22:05Z",
      "resolved": "github:NixOS/nixpkgs/189e5f171b163feb7791a9118afa778d9a1db81f#docker-compose",
      "source": "devbox-search",
      "version": "2.29.7",
      "systems": {
        "aarch64-darwin": {
          "outputs": [
            {
              "name": "out",
              "path": "/nix/store/5ikbi3w1jb96mhn5v9zs315cpldxl56v-docker-compose-2.29.7",
              "default": true
            }
          ],
          "store_path": "/nix/store/5ikbi3w1jb96mhn5v9zs315cpldxl56v-docker-compose-2.29.7"
        },
        "aarch64-linux": {
          "outputs": [
            {
              "name": "out",
              "path": "/nix/store/b96x5nvpi4x3n90plj7ahn6vb7j4ckvp-docker-compose-2.29.7",
              "default": true
            }
          ],
          "store_path": "/nix/store/b96x5nvpi4x3n90plj7ahn6vb7j4ckvp-docker-compose-2.29.7"
        },
        "x86_64-darwin": {
          "outputs": [
            {
              "name": "out",
              "path": "/nix/store/cb9xmgaiall14n40xgi9wws8lp6hbgkd-docker-compose-2.29.7",
              "default": true
            }
          ],
          "store_path": "/nix/store/cb9xmgaiall14n40xgi9wws8lp6hbgkd-docker-compose-2.29.7"
        },
        "x86_64-linux": {
          "outputs": [
            {
              "name": "out",
              "path": "/nix/store/8djdxjczw54c73ihiykxqygrfjwlbq81-docker-compose-2.29.7",
              "default": true
            }
          ],
          "store_path": "/nix/store/8djdxjczw54c73ihiykxqygrfjwlbq81-docker-compose-2.29.7"
        }
      }
    },
    "inotify-tools@latest": {
      "last_modified": "2024-07-07T07:43:47Z",
      "resolved": "github:NixOS/nixpkgs/b60793b86201040d9dee019a05089a9150d08b5b#inotify-tools",
      "source": "devbox-search",
      "version": "4.23.9.0",
      "systems": {
        "aarch64-linux": {
          "outputs": [
            {
              "name": "out",
              "path": "/nix/store/aql1zpwfjnwx417zc9cyc2zvfrxcq34s-inotify-tools-4.23.9.0",
              "default": true
            }
          ],
          "store_path": "/nix/store/aql1zpwfjnwx417zc9cyc2zvfrxcq34s-inotify-tools-4.23.9.0"
        },
        "x86_64-linux": {
          "outputs": [
            {
              "name": "out",
              "path": "/nix/store/gi35f27m538lwymw8xl6agq7bpji439y-inotify-tools-4.23.9.0",
              "default": true
            }
          ],
          "store_path": "/nix/store/gi35f27m538lwymw8xl6agq7bpji439y-inotify-tools-4.23.9.0"
        }
      }
    },
    "libiconv@latest": {
      "last_modified": "2024-07-31T08:48:38Z",
      "resolved": "github:NixOS/nixpkgs/c3392ad349a5227f4a3464dce87bcc5046692fce#libiconv",
      "source": "devbox-search",
      "version": "99",
      "systems": {
        "aarch64-darwin": {
          "outputs": [
            {
              "name": "out",
              "path": "/nix/store/zrp98d2dm0zix7ghj1v0bz7hp7a0h134-libiconv-99",
              "default": true
            },
            {
              "name": "dev",
              "path": "/nix/store/d9v7sk376qkv2q9y0w5gn6yyy94qnp0k-libiconv-99-dev"
            }
          ],
          "store_path": "/nix/store/zrp98d2dm0zix7ghj1v0bz7hp7a0h134-libiconv-99"
        },
        "x86_64-darwin": {
          "outputs": [
            {
              "name": "out",
              "path": "/nix/store/il33wi4r6l5zqchf999yg71br737hyqv-libiconv-99",
              "default": true
            },
            {
              "name": "dev",
              "path": "/nix/store/28fjagb3hixyhyff63pskzrnw5h5zgji-libiconv-99-dev"
            }
          ],
          "store_path": "/nix/store/il33wi4r6l5zqchf999yg71br737hyqv-libiconv-99"
        }
      }
    },
    "libudev-zero@latest": {
      "last_modified": "2024-07-31T08:48:38Z",
      "resolved": "github:NixOS/nixpkgs/c3392ad349a5227f4a3464dce87bcc5046692fce#libudev-zero",
      "source": "devbox-search",
      "version": "1.0.3",
      "systems": {
        "aarch64-linux": {
          "outputs": [
            {
              "name": "out",
              "path": "/nix/store/xpriyrhyapcb0hpzk2yn4l3bjg95w9ib-libudev-zero-1.0.3",
              "default": true
            }
          ],
          "store_path": "/nix/store/xpriyrhyapcb0hpzk2yn4l3bjg95w9ib-libudev-zero-1.0.3"
        },
        "x86_64-linux": {
          "outputs": [
            {
              "name": "out",
              "path": "/nix/store/5ykq11c0psms97pfv4i4207lbiy7ir8a-libudev-zero-1.0.3",
              "default": true
            }
          ],
          "store_path": "/nix/store/5ykq11c0psms97pfv4i4207lbiy7ir8a-libudev-zero-1.0.3"
        }
      }
    },
    "nodejs@latest": {
      "last_modified": "2024-07-31T08:48:38Z",
      "plugin_version": "0.0.2",
      "resolved": "github:NixOS/nixpkgs/c3392ad349a5227f4a3464dce87bcc5046692fce#nodejs_22",
      "source": "devbox-search",
      "version": "22.4.1",
      "systems": {
        "aarch64-darwin": {
          "outputs": [
            {
              "name": "out",
              "path": "/nix/store/z5whjsr6cnqw0ycnylwxmibfr7cdwxrb-nodejs-22.4.1",
              "default": true
            },
            {
              "name": "libv8",
              "path": "/nix/store/vzhng0wwbm0r1p9rdq1kspm0j5b9x0va-nodejs-22.4.1-libv8"
            }
          ],
          "store_path": "/nix/store/z5whjsr6cnqw0ycnylwxmibfr7cdwxrb-nodejs-22.4.1"
        },
        "aarch64-linux": {
          "outputs": [
            {
              "name": "out",
              "path": "/nix/store/2c0qimdjslxal42s4m10zj95f9r11l4l-nodejs-22.4.1",
              "default": true
            },
            {
              "name": "libv8",
              "path": "/nix/store/aq9wvafy8svx7fgkm2w0yig3aqmkbqc8-nodejs-22.4.1-libv8"
            }
          ],
          "store_path": "/nix/store/2c0qimdjslxal42s4m10zj95f9r11l4l-nodejs-22.4.1"
        },
        "x86_64-darwin": {
          "outputs": [
            {
              "name": "out",
              "path": "/nix/store/5l6flz4fpax64nzivg2r815pvllj2dml-nodejs-22.4.1",
              "default": true
            },
            {
              "name": "libv8",
              "path": "/nix/store/5wwl7dh3xmnrah4f98713i93m43d02a5-nodejs-22.4.1-libv8"
            }
          ],
          "store_path": "/nix/store/5l6flz4fpax64nzivg2r815pvllj2dml-nodejs-22.4.1"
        },
        "x86_64-linux": {
          "outputs": [
            {
              "name": "out",
              "path": "/nix/store/w8rva81863ls2ic3qc72mdzpzm0skyrm-nodejs-22.4.1",
              "default": true
            },
            {
              "name": "libv8",
              "path": "/nix/store/93cvy69p4g2mrbjjkj5dxh8zin047nl5-nodejs-22.4.1-libv8"
            }
          ],
          "store_path": "/nix/store/w8rva81863ls2ic3qc72mdzpzm0skyrm-nodejs-22.4.1"
        }
      }
    },
    "openssl@latest": {
      "last_modified": "2024-11-07T05:50:23Z",
      "resolved": "github:NixOS/nixpkgs/85f7e662eda4fa3a995556527c87b2524b691933#openssl",
      "source": "devbox-search",
      "version": "3.3.2",
      "systems": {
        "aarch64-darwin": {
          "outputs": [
            {
              "name": "bin",
              "path": "/nix/store/r2qjnfs625v3ngrg2vwrs915n2f0viar-openssl-3.3.2-bin",
              "default": true
            },
            {
              "name": "man",
              "path": "/nix/store/a0a4pxb35h4rp68x46rdh1wvk5jdjgds-openssl-3.3.2-man",
              "default": true
            },
            {
              "name": "out",
              "path": "/nix/store/qm16x7kk34j7b6h90dfpj30fjazsswpv-openssl-3.3.2"
            },
            {
              "name": "dev",
              "path": "/nix/store/0kji5v3fkq65yjbzl733ld133d8dqxjh-openssl-3.3.2-dev"
            },
            {
              "name": "doc",
              "path": "/nix/store/ik1nx7m9j8pycbd4c3hz2x9z8k8c6dzr-openssl-3.3.2-doc"
            }
          ],
          "store_path": "/nix/store/r2qjnfs625v3ngrg2vwrs915n2f0viar-openssl-3.3.2-bin"
        },
        "aarch64-linux": {
          "outputs": [
            {
              "name": "bin",
              "path": "/nix/store/h6g6r847dwiyqwhw5zg3wbacmdvz6w7i-openssl-3.3.2-bin",
              "default": true
            },
            {
              "name": "man",
              "path": "/nix/store/38532clg4qirfgy6bwl8s1677rh8xpnx-openssl-3.3.2-man",
              "default": true
            },
            {
              "name": "out",
              "path": "/nix/store/2bm8dphxbxhk9x85k5lb3x6x38cl79b4-openssl-3.3.2"
            },
            {
              "name": "debug",
              "path": "/nix/store/zf7j39gqr81035fnl8rgk1a4zrnjc8hd-openssl-3.3.2-debug"
            },
            {
              "name": "dev",
              "path": "/nix/store/j2rfx6xx6g29dzqy7b9l49np0s9psnbk-openssl-3.3.2-dev"
            },
            {
              "name": "doc",
              "path": "/nix/store/0n59hl88lkhckfy0v6a4jzbpzx1salcr-openssl-3.3.2-doc"
            }
          ],
          "store_path": "/nix/store/h6g6r847dwiyqwhw5zg3wbacmdvz6w7i-openssl-3.3.2-bin"
        },
        "x86_64-darwin": {
          "outputs": [
            {
              "name": "bin",
              "path": "/nix/store/w7c01yksqnz70pc0g5hl3yrlsp9747ag-openssl-3.3.2-bin",
              "default": true
            },
            {
              "name": "man",
              "path": "/nix/store/3idn2vviks3gdlaxkyyisha5j94yz264-openssl-3.3.2-man",
              "default": true
            },
            {
              "name": "dev",
              "path": "/nix/store/rk6kj5fkljjbh6qg2dgkp369p3ln15sw-openssl-3.3.2-dev"
            },
            {
              "name": "doc",
              "path": "/nix/store/rhzmgd8xv3l3dql1z1ppl5xfxv19wfzm-openssl-3.3.2-doc"
            },
            {
              "name": "out",
              "path": "/nix/store/y2xpclclw1icc3azdbq1ga4vbm1j7g1y-openssl-3.3.2"
            }
          ],
          "store_path": "/nix/store/w7c01yksqnz70pc0g5hl3yrlsp9747ag-openssl-3.3.2-bin"
        },
        "x86_64-linux": {
          "outputs": [
            {
              "name": "bin",
              "path": "/nix/store/9x40a20if2q28m96hlw3q5z5q5ajgpgp-openssl-3.3.2-bin",
              "default": true
            },
            {
              "name": "man",
              "path": "/nix/store/sniicxqqxyq4z98ras44illvj7k996g7-openssl-3.3.2-man",
              "default": true
            },
            {
              "name": "dev",
              "path": "/nix/store/xm6d1ig9ff7zkid1gvzsbig45m2pnlaz-openssl-3.3.2-dev"
            },
            {
              "name": "doc",
              "path": "/nix/store/bdvckip8agmykajljwf1jwxivk39svi3-openssl-3.3.2-doc"
            },
            {
              "name": "out",
              "path": "/nix/store/m8gwqmn8k3jm0gbcia358mz4y00lgmbc-openssl-3.3.2"
            },
            {
              "name": "debug",
              "path": "/nix/store/06s3mk1hdxr3yhj14kfxj0jxr8j9d9xi-openssl-3.3.2-debug"
            }
          ],
          "store_path": "/nix/store/9x40a20if2q28m96hlw3q5z5q5ajgpgp-openssl-3.3.2-bin"
        }
      }
    },
    "pkg-config@latest": {
      "last_modified": "2024-07-31T08:48:38Z",
      "resolved": "github:NixOS/nixpkgs/c3392ad349a5227f4a3464dce87bcc5046692fce#pkg-config",
      "source": "devbox-search",
      "version": "0.29.2",
      "systems": {
        "aarch64-darwin": {
          "outputs": [
            {
              "name": "out",
              "path": "/nix/store/hb6wmiz0yrwi0rnhf4xvz6lx616m43xb-pkg-config-wrapper-0.29.2",
              "default": true
            },
            {
              "name": "man",
              "path": "/nix/store/5v9f365hc6pdnc86v87ig7w43w4spdrp-pkg-config-wrapper-0.29.2-man",
              "default": true
            },
            {
              "name": "doc",
              "path": "/nix/store/dl91z599q9wjalan5hrvmwhzwrd5vsv9-pkg-config-wrapper-0.29.2-doc"
            }
          ],
          "store_path": "/nix/store/hb6wmiz0yrwi0rnhf4xvz6lx616m43xb-pkg-config-wrapper-0.29.2"
        },
        "aarch64-linux": {
          "outputs": [
            {
              "name": "out",
              "path": "/nix/store/7rdd796f76crr77mhbffcx2iq0nzm301-pkg-config-wrapper-0.29.2",
              "default": true
            },
            {
              "name": "man",
              "path": "/nix/store/hm3w8m8yd44yg802lkm4p0bxz2mrl600-pkg-config-wrapper-0.29.2-man",
              "default": true
            },
            {
              "name": "doc",
              "path": "/nix/store/kyciw3lfsw29hn2qs8b423crmw0akdyx-pkg-config-wrapper-0.29.2-doc"
            }
          ],
          "store_path": "/nix/store/7rdd796f76crr77mhbffcx2iq0nzm301-pkg-config-wrapper-0.29.2"
        },
        "x86_64-darwin": {
          "outputs": [
            {
              "name": "out",
              "path": "/nix/store/fabp55xkf1jkz32s9asnl4n9crgaf2cl-pkg-config-wrapper-0.29.2",
              "default": true
            },
            {
              "name": "man",
              "path": "/nix/store/s6ybld52lqp1afl74y6jrwbn4fxp7j0n-pkg-config-wrapper-0.29.2-man",
              "default": true
            },
            {
              "name": "doc",
              "path": "/nix/store/nzzwr9s6di86hc3czl4va1ynp61b934h-pkg-config-wrapper-0.29.2-doc"
            }
          ],
          "store_path": "/nix/store/fabp55xkf1jkz32s9asnl4n9crgaf2cl-pkg-config-wrapper-0.29.2"
        },
        "x86_64-linux": {
          "outputs": [
            {
              "name": "out",
              "path": "/nix/store/65lhpq7pbc6nnngfp030ddglb71xixg9-pkg-config-wrapper-0.29.2",
              "default": true
            },
            {
              "name": "man",
              "path": "/nix/store/7qamqc58iz0hdzp8030794l2zvf8yqbl-pkg-config-wrapper-0.29.2-man",
              "default": true
            },
            {
              "name": "doc",
              "path": "/nix/store/0xmhlvb5azp60ivmcldicj8kgsa91g48-pkg-config-wrapper-0.29.2-doc"
            }
          ],
          "store_path": "/nix/store/65lhpq7pbc6nnngfp030ddglb71xixg9-pkg-config-wrapper-0.29.2"
        }
      }
    },
    "pkgconfig@latest": {
      "last_modified": "2023-02-24T09:01:09Z",
      "resolved": "github:NixOS/nixpkgs/7d0ed7f2e5aea07ab22ccb338d27fbe347ed2f11#pkgconfig",
      "source": "devbox-search",
      "version": "0.29.2"
    },
    "pnpm@latest": {
      "last_modified": "2024-08-10T11:55:14Z",
      "resolved": "github:NixOS/nixpkgs/8987be1fef03440514ebf3b0b60e0c44fc13eb6c#pnpm",
      "source": "devbox-search",
      "version": "9.7.0",
      "systems": {
        "aarch64-darwin": {
          "outputs": [
            {
              "name": "out",
              "path": "/nix/store/jlanwadmki05dn0ksxw1rvwmy5bqss8i-pnpm-9.7.0",
              "default": true
            }
          ],
          "store_path": "/nix/store/jlanwadmki05dn0ksxw1rvwmy5bqss8i-pnpm-9.7.0"
        },
        "aarch64-linux": {
          "outputs": [
            {
              "name": "out",
              "path": "/nix/store/5cmqv3iwyny4rv4x8lpi2x1xkx7y25lb-pnpm-9.7.0",
              "default": true
            }
          ],
          "store_path": "/nix/store/5cmqv3iwyny4rv4x8lpi2x1xkx7y25lb-pnpm-9.7.0"
        },
        "x86_64-darwin": {
          "outputs": [
            {
              "name": "out",
              "path": "/nix/store/bp66a2as32pn7drsan74l6gvamlrjs73-pnpm-9.7.0",
              "default": true
            }
          ],
          "store_path": "/nix/store/bp66a2as32pn7drsan74l6gvamlrjs73-pnpm-9.7.0"
        },
        "x86_64-linux": {
          "outputs": [
            {
              "name": "out",
              "path": "/nix/store/hc84rpfns9w7byvwzlfkzdvc52xgqy6h-pnpm-9.7.0",
              "default": true
            }
          ],
          "store_path": "/nix/store/hc84rpfns9w7byvwzlfkzdvc52xgqy6h-pnpm-9.7.0"
        }
      }
    },
    "protobuf@latest": {
      "last_modified": "2024-07-31T08:48:38Z",
      "resolved": "github:NixOS/nixpkgs/c3392ad349a5227f4a3464dce87bcc5046692fce#protobuf",
      "source": "devbox-search",
      "version": "25.3",
      "systems": {
        "aarch64-darwin": {
          "outputs": [
            {
              "name": "out",
              "path": "/nix/store/cyslrr162h90k3nnvrqnrmd6jw7466jc-protobuf-25.3",
              "default": true
            }
          ],
          "store_path": "/nix/store/cyslrr162h90k3nnvrqnrmd6jw7466jc-protobuf-25.3"
        },
        "aarch64-linux": {
          "outputs": [
            {
              "name": "out",
              "path": "/nix/store/g0k64p665wdqadg6dp20sz83dqy1q2r6-protobuf-25.3",
              "default": true
            }
          ],
          "store_path": "/nix/store/g0k64p665wdqadg6dp20sz83dqy1q2r6-protobuf-25.3"
        },
        "x86_64-darwin": {
          "outputs": [
            {
              "name": "out",
              "path": "/nix/store/pmf0jw5jd8ai3c0x89hc45xfpdgmpcfn-protobuf-25.3",
              "default": true
            }
          ],
          "store_path": "/nix/store/pmf0jw5jd8ai3c0x89hc45xfpdgmpcfn-protobuf-25.3"
        },
        "x86_64-linux": {
          "outputs": [
            {
              "name": "out",
              "path": "/nix/store/zlrliq0akg5wn38rffmdkwrpbnhyllqj-protobuf-25.3",
              "default": true
            }
          ],
          "store_path": "/nix/store/zlrliq0akg5wn38rffmdkwrpbnhyllqj-protobuf-25.3"
        }
      }
    },
    "python@latest": {
      "last_modified": "2024-08-17T01:07:41Z",
      "plugin_version": "0.0.4",
      "resolved": "github:NixOS/nixpkgs/cd7b95ee3725af7113bacbce91dd6549cee58ca5#python3",
      "source": "devbox-search",
      "version": "3.12.4",
      "systems": {
        "aarch64-darwin": {
          "outputs": [
            {
              "name": "out",
              "path": "/nix/store/xnm9sbp02pp2704dvx4kb8g0yxn263pn-python3-3.12.4",
              "default": true
            }
          ],
          "store_path": "/nix/store/xnm9sbp02pp2704dvx4kb8g0yxn263pn-python3-3.12.4"
        },
        "aarch64-linux": {
          "outputs": [
            {
              "name": "out",
              "path": "/nix/store/wviq85xs5awfp75mj5sjq9mn1nkqhq12-python3-3.12.4",
              "default": true
            },
            {
              "name": "debug",
              "path": "/nix/store/cglyj6nr5rcr0j9c36xqvybk5rj7hi6x-python3-3.12.4-debug"
            }
          ],
          "store_path": "/nix/store/wviq85xs5awfp75mj5sjq9mn1nkqhq12-python3-3.12.4"
        },
        "x86_64-darwin": {
          "outputs": [
            {
              "name": "out",
              "path": "/nix/store/dc7kp6g4s76jlfjhjdpibjfc8pglhlcs-python3-3.12.4",
              "default": true
            }
          ],
          "store_path": "/nix/store/dc7kp6g4s76jlfjhjdpibjfc8pglhlcs-python3-3.12.4"
        },
        "x86_64-linux": {
          "outputs": [
            {
              "name": "out",
              "path": "/nix/store/04gg5w1s662l329a8kh9xcwyp0k64v5a-python3-3.12.4",
              "default": true
            },
            {
              "name": "debug",
              "path": "/nix/store/w2ycb82p1q4xdpm2pzcqk7k58f89wv6l-python3-3.12.4-debug"
            }
          ],
          "store_path": "/nix/store/04gg5w1s662l329a8kh9xcwyp0k64v5a-python3-3.12.4"
        }
      }
    },
    "rustup@latest": {
      "last_modified": "2024-07-07T07:43:47Z",
      "plugin_version": "0.0.1",
      "resolved": "github:NixOS/nixpkgs/b60793b86201040d9dee019a05089a9150d08b5b#rustup",
      "source": "devbox-search",
      "version": "1.26.0",
      "systems": {
        "aarch64-darwin": {
          "outputs": [
            {
              "name": "out",
              "path": "/nix/store/9fcngl4lj7lakajafyfpwddigy5x7xz3-rustup-1.26.0",
              "default": true
            }
          ],
          "store_path": "/nix/store/9fcngl4lj7lakajafyfpwddigy5x7xz3-rustup-1.26.0"
        },
        "aarch64-linux": {
          "outputs": [
            {
              "name": "out",
              "path": "/nix/store/9zp7146714iwf140fapdi0mgb86yds92-rustup-1.26.0",
              "default": true
            }
          ],
          "store_path": "/nix/store/9zp7146714iwf140fapdi0mgb86yds92-rustup-1.26.0"
        },
        "x86_64-darwin": {
          "outputs": [
            {
              "name": "out",
              "path": "/nix/store/vj2nv91k8wpk63iyjk93y1b7fflmbjm9-rustup-1.26.0",
              "default": true
            }
          ],
          "store_path": "/nix/store/vj2nv91k8wpk63iyjk93y1b7fflmbjm9-rustup-1.26.0"
        },
        "x86_64-linux": {
          "outputs": [
            {
              "name": "out",
              "path": "/nix/store/crphpnlzwspccbflgfakqm45hfxw1sdx-rustup-1.26.0",
              "default": true
            }
          ],
          "store_path": "/nix/store/crphpnlzwspccbflgfakqm45hfxw1sdx-rustup-1.26.0"
        }
      }
    },
    "sqlx-cli@latest": {
      "last_modified": "2024-08-04T00:20:25Z",
      "resolved": "github:NixOS/nixpkgs/f3834de3782b82bfc666abf664f946d0e7d1f116#sqlx-cli",
      "source": "devbox-search",
      "version": "0.8.0",
      "systems": {
        "aarch64-darwin": {
          "outputs": [
            {
              "name": "out",
              "path": "/nix/store/b2pd5m7xzjsx0h33clzf7hgrw15h4a1z-sqlx-cli-0.8.0",
              "default": true
            }
          ],
          "store_path": "/nix/store/b2pd5m7xzjsx0h33clzf7hgrw15h4a1z-sqlx-cli-0.8.0"
        },
        "aarch64-linux": {
          "outputs": [
            {
              "name": "out",
              "path": "/nix/store/jl1ddi2zmj1wh8hjw5y9c6wswcn1s12b-sqlx-cli-0.8.0",
              "default": true
            }
          ],
          "store_path": "/nix/store/jl1ddi2zmj1wh8hjw5y9c6wswcn1s12b-sqlx-cli-0.8.0"
        },
        "x86_64-darwin": {
          "outputs": [
            {
              "name": "out",
              "path": "/nix/store/ga2aaywr488x50dhiaija02jnkgrkdx1-sqlx-cli-0.8.0",
              "default": true
            }
          ],
          "store_path": "/nix/store/ga2aaywr488x50dhiaija02jnkgrkdx1-sqlx-cli-0.8.0"
        },
        "x86_64-linux": {
          "outputs": [
            {
              "name": "out",
              "path": "/nix/store/zjyc0pkykvkw5z7d8qq4gyjilnnnaxrw-sqlx-cli-0.8.0",
              "default": true
            }
          ],
          "store_path": "/nix/store/zjyc0pkykvkw5z7d8qq4gyjilnnnaxrw-sqlx-cli-0.8.0"
        }
      }
    },
    "starship@latest": {
      "last_modified": "2024-07-28T04:39:20Z",
      "resolved": "github:NixOS/nixpkgs/038fb464fcfa79b4f08131b07f2d8c9a6bcc4160#starship",
      "source": "devbox-search",
      "version": "1.20.1",
      "systems": {
        "aarch64-darwin": {
          "outputs": [
            {
              "name": "out",
              "path": "/nix/store/r66w7dbl1h16a6l2xrydsxkf3hhc8dm4-starship-1.20.1",
              "default": true
            }
          ],
          "store_path": "/nix/store/r66w7dbl1h16a6l2xrydsxkf3hhc8dm4-starship-1.20.1"
        },
        "aarch64-linux": {
          "outputs": [
            {
              "name": "out",
              "path": "/nix/store/rd24bys1fi1kqgqaqx4f69cn3wbp2910-starship-1.20.1",
              "default": true
            }
          ],
          "store_path": "/nix/store/rd24bys1fi1kqgqaqx4f69cn3wbp2910-starship-1.20.1"
        },
        "x86_64-darwin": {
          "outputs": [
            {
              "name": "out",
              "path": "/nix/store/gd8qva7xcy2nkzgmll64mxv9y0gy56wn-starship-1.20.1",
              "default": true
            }
          ],
          "store_path": "/nix/store/gd8qva7xcy2nkzgmll64mxv9y0gy56wn-starship-1.20.1"
        },
        "x86_64-linux": {
          "outputs": [
            {
              "name": "out",
              "path": "/nix/store/46l65nshjrrvpdpggnb5d7d3blxyjsz8-starship-1.20.1",
              "default": true
            }
          ],
          "store_path": "/nix/store/46l65nshjrrvpdpggnb5d7d3blxyjsz8-starship-1.20.1"
        }
      }
    }
  }
}
