{
  "lockfile_version": "1",
  "packages": {
    "cobra-cli@latest": {
      "last_modified": "2024-07-20T09:11:00Z",
      "resolved": "github:NixOS/nixpkgs/6e14bbce7bea6c4efd7adfa88a40dac750d80100#cobra-cli",
      "source": "devbox-search",
      "version": "1.3.0",
      "systems": {
        "aarch64-darwin": {
          "outputs": [
            {
              "name": "out",
              "path": "/nix/store/bnrwqdm676p273hr4gah58dvlanr051c-cobra-cli-1.3.0",
              "default": true
            }
          ],
          "store_path": "/nix/store/bnrwqdm676p273hr4gah58dvlanr051c-cobra-cli-1.3.0"
        },
        "aarch64-linux": {
          "outputs": [
            {
              "name": "out",
              "path": "/nix/store/cdnaqf0n8jvzrhn8147fk9dyr1w5bq1m-cobra-cli-1.3.0",
              "default": true
            }
          ],
          "store_path": "/nix/store/cdnaqf0n8jvzrhn8147fk9dyr1w5bq1m-cobra-cli-1.3.0"
        },
        "x86_64-darwin": {
          "outputs": [
            {
              "name": "out",
              "path": "/nix/store/cpllbqv6wdhcx32lc06wkp98l7k3089d-cobra-cli-1.3.0",
              "default": true
            }
          ],
          "store_path": "/nix/store/cpllbqv6wdhcx32lc06wkp98l7k3089d-cobra-cli-1.3.0"
        },
        "x86_64-linux": {
          "outputs": [
            {
              "name": "out",
              "path": "/nix/store/5css54ypcy2krzkz8m5n5ja392r8aq4h-cobra-cli-1.3.0",
              "default": true
            }
          ],
          "store_path": "/nix/store/5css54ypcy2krzkz8m5n5ja392r8aq4h-cobra-cli-1.3.0"
        }
      }
    },
    "go@latest": {
      "last_modified": "2024-07-20T09:11:00Z",
      "resolved": "github:NixOS/nixpkgs/6e14bbce7bea6c4efd7adfa88a40dac750d80100#go",
      "source": "devbox-search",
      "version": "1.22.5",
      "systems": {
        "aarch64-darwin": {
          "outputs": [
            {
              "name": "out",
              "path": "/nix/store/05saqcgidraqmn4z82prsp7rbj9hjmwm-go-1.22.5",
              "default": true
            }
          ],
          "store_path": "/nix/store/05saqcgidraqmn4z82prsp7rbj9hjmwm-go-1.22.5"
        },
        "aarch64-linux": {
          "outputs": [
            {
              "name": "out",
              "path": "/nix/store/b97bbxn6kpysysxb8nxn4k39ffxmp4p6-go-1.22.5",
              "default": true
            }
          ],
          "store_path": "/nix/store/b97bbxn6kpysysxb8nxn4k39ffxmp4p6-go-1.22.5"
        },
        "x86_64-darwin": {
          "outputs": [
            {
              "name": "out",
              "path": "/nix/store/gdyii59c48s4a8q6w584ccgm95qls3lh-go-1.22.5",
              "default": true
            }
          ],
          "store_path": "/nix/store/gdyii59c48s4a8q6w584ccgm95qls3lh-go-1.22.5"
        },
        "x86_64-linux": {
          "outputs": [
            {
              "name": "out",
              "path": "/nix/store/3v17dij8rvg7q99009swxg52995r7s22-go-1.22.5",
              "default": true
            }
          ],
          "store_path": "/nix/store/3v17dij8rvg7q99009swxg52995r7s22-go-1.22.5"
        }
      }
    },
    "gopls@latest": {
      "last_modified": "2024-07-31T08:48:38Z",
      "resolved": "github:NixOS/nixpkgs/c3392ad349a5227f4a3464dce87bcc5046692fce#gopls",
      "source": "devbox-search",
      "version": "0.16.1",
      "systems": {
        "aarch64-darwin": {
          "outputs": [
            {
              "name": "out",
              "path": "/nix/store/fjkm2f7gjlwsflrwbd1sz4d3c1wpyvb5-gopls-0.16.1",
              "default": true
            }
          ],
          "store_path": "/nix/store/fjkm2f7gjlwsflrwbd1sz4d3c1wpyvb5-gopls-0.16.1"
        },
        "aarch64-linux": {
          "outputs": [
            {
              "name": "out",
              "path": "/nix/store/pw30jfhyvzn848w34glnnd5nmddy3kjp-gopls-0.16.1",
              "default": true
            }
          ],
          "store_path": "/nix/store/pw30jfhyvzn848w34glnnd5nmddy3kjp-gopls-0.16.1"
        },
        "x86_64-darwin": {
          "outputs": [
            {
              "name": "out",
              "path": "/nix/store/h0mmsk9jg16g5i52p1g6k1xhdql3i6v2-gopls-0.16.1",
              "default": true
            }
          ],
          "store_path": "/nix/store/h0mmsk9jg16g5i52p1g6k1xhdql3i6v2-gopls-0.16.1"
        },
        "x86_64-linux": {
          "outputs": [
            {
              "name": "out",
              "path": "/nix/store/szci8xkslrfxzz68aa2kz6la8qamxvrf-gopls-0.16.1",
              "default": true
            }
          ],
          "store_path": "/nix/store/szci8xkslrfxzz68aa2kz6la8qamxvrf-gopls-0.16.1"
        }
      }
    },
    "inotify-tools@latest": {
      "last_modified": "2024-07-07T07:43:47Z",
      "resolved": "github:NixOS/nixpkgs/b60793b86201040d9dee019a05089a9150d08b5b#inotify-tools",
      "source": "devbox-search",
      "version": "4.23.9.0",
      "systems": {
        "aarch64-linux": {
          "outputs": [
            {
              "name": "out",
              "path": "/nix/store/aql1zpwfjnwx417zc9cyc2zvfrxcq34s-inotify-tools-4.23.9.0",
              "default": true
            }
          ],
          "store_path": "/nix/store/aql1zpwfjnwx417zc9cyc2zvfrxcq34s-inotify-tools-4.23.9.0"
        },
        "x86_64-linux": {
          "outputs": [
            {
              "name": "out",
              "path": "/nix/store/gi35f27m538lwymw8xl6agq7bpji439y-inotify-tools-4.23.9.0",
              "default": true
            }
          ],
          "store_path": "/nix/store/gi35f27m538lwymw8xl6agq7bpji439y-inotify-tools-4.23.9.0"
        }
      }
    },
    "libiconv@latest": {
      "last_modified": "2024-07-31T08:48:38Z",
      "resolved": "github:NixOS/nixpkgs/c3392ad349a5227f4a3464dce87bcc5046692fce#libiconv",
      "source": "devbox-search",
      "version": "99",
      "systems": {
        "aarch64-darwin": {
          "outputs": [
            {
              "name": "out",
              "path": "/nix/store/zrp98d2dm0zix7ghj1v0bz7hp7a0h134-libiconv-99",
              "default": true
            },
            {
              "name": "dev",
              "path": "/nix/store/d9v7sk376qkv2q9y0w5gn6yyy94qnp0k-libiconv-99-dev"
            }
          ],
          "store_path": "/nix/store/zrp98d2dm0zix7ghj1v0bz7hp7a0h134-libiconv-99"
        },
        "x86_64-darwin": {
          "outputs": [
            {
              "name": "out",
              "path": "/nix/store/il33wi4r6l5zqchf999yg71br737hyqv-libiconv-99",
              "default": true
            },
            {
              "name": "dev",
              "path": "/nix/store/28fjagb3hixyhyff63pskzrnw5h5zgji-libiconv-99-dev"
            }
          ],
          "store_path": "/nix/store/il33wi4r6l5zqchf999yg71br737hyqv-libiconv-99"
        }
      }
    },
    "libudev-zero@latest": {
      "last_modified": "2024-07-31T08:48:38Z",
      "resolved": "github:NixOS/nixpkgs/c3392ad349a5227f4a3464dce87bcc5046692fce#libudev-zero",
      "source": "devbox-search",
      "version": "1.0.3",
      "systems": {
        "aarch64-linux": {
          "outputs": [
            {
              "name": "out",
              "path": "/nix/store/xpriyrhyapcb0hpzk2yn4l3bjg95w9ib-libudev-zero-1.0.3",
              "default": true
            }
          ],
          "store_path": "/nix/store/xpriyrhyapcb0hpzk2yn4l3bjg95w9ib-libudev-zero-1.0.3"
        },
        "x86_64-linux": {
          "outputs": [
            {
              "name": "out",
              "path": "/nix/store/5ykq11c0psms97pfv4i4207lbiy7ir8a-libudev-zero-1.0.3",
              "default": true
            }
          ],
          "store_path": "/nix/store/5ykq11c0psms97pfv4i4207lbiy7ir8a-libudev-zero-1.0.3"
        }
      }
    },
    "nodejs@latest": {
      "last_modified": "2024-07-31T08:48:38Z",
      "plugin_version": "0.0.2",
      "resolved": "github:NixOS/nixpkgs/c3392ad349a5227f4a3464dce87bcc5046692fce#nodejs_22",
      "source": "devbox-search",
      "version": "22.4.1",
      "systems": {
        "aarch64-darwin": {
          "outputs": [
            {
              "name": "out",
              "path": "/nix/store/z5whjsr6cnqw0ycnylwxmibfr7cdwxrb-nodejs-22.4.1",
              "default": true
            },
            {
              "name": "libv8",
              "path": "/nix/store/vzhng0wwbm0r1p9rdq1kspm0j5b9x0va-nodejs-22.4.1-libv8"
            }
          ],
          "store_path": "/nix/store/z5whjsr6cnqw0ycnylwxmibfr7cdwxrb-nodejs-22.4.1"
        },
        "aarch64-linux": {
          "outputs": [
            {
              "name": "out",
              "path": "/nix/store/2c0qimdjslxal42s4m10zj95f9r11l4l-nodejs-22.4.1",
              "default": true
            },
            {
              "name": "libv8",
              "path": "/nix/store/aq9wvafy8svx7fgkm2w0yig3aqmkbqc8-nodejs-22.4.1-libv8"
            }
          ],
          "store_path": "/nix/store/2c0qimdjslxal42s4m10zj95f9r11l4l-nodejs-22.4.1"
        },
        "x86_64-darwin": {
          "outputs": [
            {
              "name": "out",
              "path": "/nix/store/5l6flz4fpax64nzivg2r815pvllj2dml-nodejs-22.4.1",
              "default": true
            },
            {
              "name": "libv8",
              "path": "/nix/store/5wwl7dh3xmnrah4f98713i93m43d02a5-nodejs-22.4.1-libv8"
            }
          ],
          "store_path": "/nix/store/5l6flz4fpax64nzivg2r815pvllj2dml-nodejs-22.4.1"
        },
        "x86_64-linux": {
          "outputs": [
            {
              "name": "out",
              "path": "/nix/store/w8rva81863ls2ic3qc72mdzpzm0skyrm-nodejs-22.4.1",
              "default": true
            },
            {
              "name": "libv8",
              "path": "/nix/store/93cvy69p4g2mrbjjkj5dxh8zin047nl5-nodejs-22.4.1-libv8"
            }
          ],
          "store_path": "/nix/store/w8rva81863ls2ic3qc72mdzpzm0skyrm-nodejs-22.4.1"
        }
      }
    },
    "openssl@latest": {
      "last_modified": "2024-08-14T02:42:29Z",
      "resolved": "github:NixOS/nixpkgs/daf7bb95821b789db24fc1ac21f613db0c1bf2cb#openssl",
      "source": "devbox-search",
      "version": "3.0.14",
      "systems": {
        "aarch64-darwin": {
          "outputs": [
            {
              "name": "bin",
              "path": "/nix/store/mgd2rx0z9v41bg860k20g0vs4b6l5hma-openssl-3.0.14-bin",
              "default": true
            },
            {
              "name": "man",
              "path": "/nix/store/5q9m4398cd1vvm3bglm600jg297jgpbk-openssl-3.0.14-man",
              "default": true
            },
            {
              "name": "dev",
              "path": "/nix/store/62089ajdd9nllw4shds5p0yv9awp2590-openssl-3.0.14-dev"
            },
            {
              "name": "doc",
              "path": "/nix/store/hr145gwg3p9crrbvg5frxd2fpfk83yzc-openssl-3.0.14-doc"
            },
            {
              "name": "out",
              "path": "/nix/store/zyrq8llafvxs3nlwpf9fmk4qqm9gw06s-openssl-3.0.14"
            }
          ],
          "store_path": "/nix/store/mgd2rx0z9v41bg860k20g0vs4b6l5hma-openssl-3.0.14-bin"
        },
        "aarch64-linux": {
          "outputs": [
            {
              "name": "bin",
              "path": "/nix/store/38gnbrihj87mcjbkpnmdfm9nmqja7jrj-openssl-3.0.14-bin",
              "default": true
            },
            {
              "name": "man",
              "path": "/nix/store/1622waihsqyl1xwa3ndr8wfiplyq47sk-openssl-3.0.14-man",
              "default": true
            },
            {
              "name": "debug",
              "path": "/nix/store/8p4ymgpvybffn0bfqgwhpjfz3cfkw047-openssl-3.0.14-debug"
            },
            {
              "name": "dev",
              "path": "/nix/store/vgga6f75b56005gzg43rmpp9y7q9kpmq-openssl-3.0.14-dev"
            },
            {
              "name": "doc",
              "path": "/nix/store/6dgixbf97khv8q1qa0v3sm3jsb2gnjyc-openssl-3.0.14-doc"
            },
            {
              "name": "out",
              "path": "/nix/store/fqgfzdll5asbnd54x2rn97h31r0g2626-openssl-3.0.14"
            }
          ],
          "store_path": "/nix/store/38gnbrihj87mcjbkpnmdfm9nmqja7jrj-openssl-3.0.14-bin"
        },
        "x86_64-darwin": {
          "outputs": [
            {
              "name": "bin",
              "path": "/nix/store/dzy9i5dy20gpsaic81rzsknclbkw2ky7-openssl-3.0.14-bin",
              "default": true
            },
            {
              "name": "man",
              "path": "/nix/store/vs9i3cmn9k3543n27pih1wjk7qri1fz9-openssl-3.0.14-man",
              "default": true
            },
            {
              "name": "out",
              "path": "/nix/store/bhvcy3cdf0xmkslzxdjvyamj5f4p9jik-openssl-3.0.14"
            },
            {
              "name": "dev",
              "path": "/nix/store/qjc0fa479vyrps7vp35sknk6pc1hv98w-openssl-3.0.14-dev"
            },
            {
              "name": "doc",
              "path": "/nix/store/wcrlbp5dv79359v06gfljh2f75najq1v-openssl-3.0.14-doc"
            }
          ],
          "store_path": "/nix/store/dzy9i5dy20gpsaic81rzsknclbkw2ky7-openssl-3.0.14-bin"
        },
        "x86_64-linux": {
          "outputs": [
            {
              "name": "bin",
              "path": "/nix/store/xpwwq5yjkbsip1p027jgdbzm9pvzfb1v-openssl-3.0.14-bin",
              "default": true
            },
            {
              "name": "man",
              "path": "/nix/store/q83r4g4pxcqdhhdaqm0b5nlpb0g999n2-openssl-3.0.14-man",
              "default": true
            },
            {
              "name": "dev",
              "path": "/nix/store/bvrly5zpaqxydbfnx3dm4i7k8cbkrp32-openssl-3.0.14-dev"
            },
            {
              "name": "doc",
              "path": "/nix/store/aks9bf802vhb52chs6szayw3j81nq8j0-openssl-3.0.14-doc"
            },
            {
              "name": "out",
              "path": "/nix/store/1zd8iqbcl36rliw0bbf9wn4ca31rqz5c-openssl-3.0.14"
            },
            {
              "name": "debug",
              "path": "/nix/store/30kil6c5v83ws23dhc0wjvcl8j0ffgzf-openssl-3.0.14-debug"
            }
          ],
          "store_path": "/nix/store/xpwwq5yjkbsip1p027jgdbzm9pvzfb1v-openssl-3.0.14-bin"
        }
      }
    },
    "openssl_3_3@latest": {
      "last_modified": "2024-08-14T02:42:29Z",
      "resolved": "github:NixOS/nixpkgs/daf7bb95821b789db24fc1ac21f613db0c1bf2cb#openssl_3_3",
      "source": "devbox-search",
      "version": "3.3.1",
      "systems": {
        "aarch64-darwin": {
          "outputs": [
            {
              "name": "bin",
              "path": "/nix/store/gyf5k1rxp5abbszafwg3qgss42qvm55y-openssl-3.3.1-bin",
              "default": true
            },
            {
              "name": "man",
              "path": "/nix/store/dlg7g2az3m8rnpikx47v78zjkq86zbbz-openssl-3.3.1-man",
              "default": true
            },
            {
              "name": "dev",
              "path": "/nix/store/86rxx1v0mwqqlrxqmx5ll1lbiaka25ma-openssl-3.3.1-dev"
            },
            {
              "name": "doc",
              "path": "/nix/store/pb6z8fg7kqr7j0vigb52sdgffalp8q5l-openssl-3.3.1-doc"
            },
            {
              "name": "out",
              "path": "/nix/store/8kjqhsspxy6gxnqaab4c0ai8v1rwmjm8-openssl-3.3.1"
            }
          ],
          "store_path": "/nix/store/gyf5k1rxp5abbszafwg3qgss42qvm55y-openssl-3.3.1-bin"
        },
        "aarch64-linux": {
          "outputs": [
            {
              "name": "bin",
              "path": "/nix/store/l2qbscywyrvpwr7jzrwa8jjs233cax8z-openssl-3.3.1-bin",
              "default": true
            },
            {
              "name": "man",
              "path": "/nix/store/wq1mwz5780zha5avwkx1bp228p5a9yjm-openssl-3.3.1-man",
              "default": true
            },
            {
              "name": "debug",
              "path": "/nix/store/w3hw8859vdslzi37v2xg26frcl8fd2jy-openssl-3.3.1-debug"
            },
            {
              "name": "dev",
              "path": "/nix/store/v3zz8lmsbyq9nl0pbc6a3w8myq1bhqcj-openssl-3.3.1-dev"
            },
            {
              "name": "doc",
              "path": "/nix/store/s554cybxsm9dq9bk2l3ck8fxcgjkh57f-openssl-3.3.1-doc"
            },
            {
              "name": "out",
              "path": "/nix/store/7rp8hwcnpvbk12xjn3zm6qg5zvpk5i4k-openssl-3.3.1"
            }
          ],
          "store_path": "/nix/store/l2qbscywyrvpwr7jzrwa8jjs233cax8z-openssl-3.3.1-bin"
        },
        "x86_64-darwin": {
          "outputs": [
            {
              "name": "bin",
              "path": "/nix/store/ir73amkhmkhj965bfsdra98rgmjiizfy-openssl-3.3.1-bin",
              "default": true
            },
            {
              "name": "man",
              "path": "/nix/store/1x29n4aabr93snmk5xpgkgnp4alwwcay-openssl-3.3.1-man",
              "default": true
            },
            {
              "name": "out",
              "path": "/nix/store/4g6bmzz1gjq55v4swhdbzmvf7gf7s7jk-openssl-3.3.1"
            },
            {
              "name": "dev",
              "path": "/nix/store/f4y37wzpqggbam3ircp8xgzgv5w8z91h-openssl-3.3.1-dev"
            },
            {
              "name": "doc",
              "path": "/nix/store/02mwikbgrxg9vqi2z3jf6cfg6rc0jk4b-openssl-3.3.1-doc"
            }
          ],
          "store_path": "/nix/store/ir73amkhmkhj965bfsdra98rgmjiizfy-openssl-3.3.1-bin"
        },
        "x86_64-linux": {
          "outputs": [
            {
              "name": "bin",
              "path": "/nix/store/mdydjzq11rwkcynqxr04mihikzn1szk2-openssl-3.3.1-bin",
              "default": true
            },
            {
              "name": "man",
              "path": "/nix/store/68vaswja6n0kh8klxq8amcmwmwgq2hh9-openssl-3.3.1-man",
              "default": true
            },
            {
              "name": "dev",
              "path": "/nix/store/xavalcs936k8pk59y9z5zpng1dl49i5i-openssl-3.3.1-dev"
            },
            {
              "name": "doc",
              "path": "/nix/store/jinpwzynhyjiipxj8q7q2f21l7vwzv1y-openssl-3.3.1-doc"
            },
            {
              "name": "out",
              "path": "/nix/store/mbc2km0sz4ar6nvqdi3sniaziz5cxp5a-openssl-3.3.1"
            },
            {
              "name": "debug",
              "path": "/nix/store/1fhbgk61hcswwkr066sbgks8adrw4bwr-openssl-3.3.1-debug"
            }
          ],
          "store_path": "/nix/store/mdydjzq11rwkcynqxr04mihikzn1szk2-openssl-3.3.1-bin"
        }
      }
    },
    "pkg-config@latest": {
      "last_modified": "2024-07-31T08:48:38Z",
      "resolved": "github:NixOS/nixpkgs/c3392ad349a5227f4a3464dce87bcc5046692fce#pkg-config",
      "source": "devbox-search",
      "version": "0.29.2",
      "systems": {
        "aarch64-darwin": {
          "outputs": [
            {
              "name": "out",
              "path": "/nix/store/hb6wmiz0yrwi0rnhf4xvz6lx616m43xb-pkg-config-wrapper-0.29.2",
              "default": true
            },
            {
              "name": "man",
              "path": "/nix/store/5v9f365hc6pdnc86v87ig7w43w4spdrp-pkg-config-wrapper-0.29.2-man",
              "default": true
            },
            {
              "name": "doc",
              "path": "/nix/store/dl91z599q9wjalan5hrvmwhzwrd5vsv9-pkg-config-wrapper-0.29.2-doc"
            }
          ],
          "store_path": "/nix/store/hb6wmiz0yrwi0rnhf4xvz6lx616m43xb-pkg-config-wrapper-0.29.2"
        },
        "aarch64-linux": {
          "outputs": [
            {
              "name": "out",
              "path": "/nix/store/7rdd796f76crr77mhbffcx2iq0nzm301-pkg-config-wrapper-0.29.2",
              "default": true
            },
            {
              "name": "man",
              "path": "/nix/store/hm3w8m8yd44yg802lkm4p0bxz2mrl600-pkg-config-wrapper-0.29.2-man",
              "default": true
            },
            {
              "name": "doc",
              "path": "/nix/store/kyciw3lfsw29hn2qs8b423crmw0akdyx-pkg-config-wrapper-0.29.2-doc"
            }
          ],
          "store_path": "/nix/store/7rdd796f76crr77mhbffcx2iq0nzm301-pkg-config-wrapper-0.29.2"
        },
        "x86_64-darwin": {
          "outputs": [
            {
              "name": "out",
              "path": "/nix/store/fabp55xkf1jkz32s9asnl4n9crgaf2cl-pkg-config-wrapper-0.29.2",
              "default": true
            },
            {
              "name": "man",
              "path": "/nix/store/s6ybld52lqp1afl74y6jrwbn4fxp7j0n-pkg-config-wrapper-0.29.2-man",
              "default": true
            },
            {
              "name": "doc",
              "path": "/nix/store/nzzwr9s6di86hc3czl4va1ynp61b934h-pkg-config-wrapper-0.29.2-doc"
            }
          ],
          "store_path": "/nix/store/fabp55xkf1jkz32s9asnl4n9crgaf2cl-pkg-config-wrapper-0.29.2"
        },
        "x86_64-linux": {
          "outputs": [
            {
              "name": "out",
              "path": "/nix/store/65lhpq7pbc6nnngfp030ddglb71xixg9-pkg-config-wrapper-0.29.2",
              "default": true
            },
            {
              "name": "man",
              "path": "/nix/store/7qamqc58iz0hdzp8030794l2zvf8yqbl-pkg-config-wrapper-0.29.2-man",
              "default": true
            },
            {
              "name": "doc",
              "path": "/nix/store/0xmhlvb5azp60ivmcldicj8kgsa91g48-pkg-config-wrapper-0.29.2-doc"
            }
          ],
          "store_path": "/nix/store/65lhpq7pbc6nnngfp030ddglb71xixg9-pkg-config-wrapper-0.29.2"
        }
      }
    },
    "pnpm@latest": {
      "last_modified": "2024-08-10T11:55:14Z",
      "resolved": "github:NixOS/nixpkgs/8987be1fef03440514ebf3b0b60e0c44fc13eb6c#pnpm",
      "source": "devbox-search",
      "version": "9.7.0",
      "systems": {
        "aarch64-darwin": {
          "outputs": [
            {
              "name": "out",
              "path": "/nix/store/jlanwadmki05dn0ksxw1rvwmy5bqss8i-pnpm-9.7.0",
              "default": true
            }
          ],
          "store_path": "/nix/store/jlanwadmki05dn0ksxw1rvwmy5bqss8i-pnpm-9.7.0"
        },
        "aarch64-linux": {
          "outputs": [
            {
              "name": "out",
              "path": "/nix/store/5cmqv3iwyny4rv4x8lpi2x1xkx7y25lb-pnpm-9.7.0",
              "default": true
            }
          ],
          "store_path": "/nix/store/5cmqv3iwyny4rv4x8lpi2x1xkx7y25lb-pnpm-9.7.0"
        },
        "x86_64-darwin": {
          "outputs": [
            {
              "name": "out",
              "path": "/nix/store/bp66a2as32pn7drsan74l6gvamlrjs73-pnpm-9.7.0",
              "default": true
            }
          ],
          "store_path": "/nix/store/bp66a2as32pn7drsan74l6gvamlrjs73-pnpm-9.7.0"
        },
        "x86_64-linux": {
          "outputs": [
            {
              "name": "out",
              "path": "/nix/store/hc84rpfns9w7byvwzlfkzdvc52xgqy6h-pnpm-9.7.0",
              "default": true
            }
          ],
          "store_path": "/nix/store/hc84rpfns9w7byvwzlfkzdvc52xgqy6h-pnpm-9.7.0"
        }
      }
    },
    "podman-compose@latest": {
      "last_modified": "2024-07-31T08:48:38Z",
      "resolved": "github:NixOS/nixpkgs/c3392ad349a5227f4a3464dce87bcc5046692fce#podman-compose",
      "source": "devbox-search",
      "version": "1.2.0",
      "systems": {
        "aarch64-darwin": {
          "outputs": [
            {
              "name": "out",
              "path": "/nix/store/0fzrg2aa1qrnq1dn8l9x9il6m126478w-podman-compose-1.2.0",
              "default": true
            },
            {
              "name": "dist",
              "path": "/nix/store/s5ii2kcg851jf8xqlznjr95z8lgnzw87-podman-compose-1.2.0-dist"
            }
          ],
          "store_path": "/nix/store/0fzrg2aa1qrnq1dn8l9x9il6m126478w-podman-compose-1.2.0"
        },
        "aarch64-linux": {
          "outputs": [
            {
              "name": "out",
              "path": "/nix/store/aqdk4cdd58zzm0v4bqgcssavkdv7yfiw-podman-compose-1.2.0",
              "default": true
            },
            {
              "name": "dist",
              "path": "/nix/store/phc1fj1xnxhaq0g1d96a4hjqrb2z7nv3-podman-compose-1.2.0-dist"
            }
          ],
          "store_path": "/nix/store/aqdk4cdd58zzm0v4bqgcssavkdv7yfiw-podman-compose-1.2.0"
        },
        "x86_64-darwin": {
          "outputs": [
            {
              "name": "out",
              "path": "/nix/store/p1mbahwf0hhv9xf2ip74ixd2pnk372dy-podman-compose-1.2.0",
              "default": true
            },
            {
              "name": "dist",
              "path": "/nix/store/w4j5zf9543jgk8ihkxli5nsvprasrwi8-podman-compose-1.2.0-dist"
            }
          ],
          "store_path": "/nix/store/p1mbahwf0hhv9xf2ip74ixd2pnk372dy-podman-compose-1.2.0"
        },
        "x86_64-linux": {
          "outputs": [
            {
              "name": "out",
              "path": "/nix/store/05sf3ff65n0svcqpbyz9v7c7nlryl534-podman-compose-1.2.0",
              "default": true
            },
            {
              "name": "dist",
              "path": "/nix/store/nfp5dlf08dbg3v8ph6nxj6y4g6iaygfj-podman-compose-1.2.0-dist"
            }
          ],
          "store_path": "/nix/store/05sf3ff65n0svcqpbyz9v7c7nlryl534-podman-compose-1.2.0"
        }
      }
    },
    "podman@latest": {
      "last_modified": "2024-08-14T02:42:29Z",
      "resolved": "github:NixOS/nixpkgs/daf7bb95821b789db24fc1ac21f613db0c1bf2cb#podman",
      "source": "devbox-search",
      "version": "5.2.0",
      "systems": {
        "aarch64-darwin": {
          "outputs": [
            {
              "name": "out",
              "path": "/nix/store/klxzs8lwh5ixd0rlnsmsa2119g2zc3jy-podman-5.2.0",
              "default": true
            },
            {
              "name": "man",
              "path": "/nix/store/52grdfndxpszj62dbs32by0q7a7r1spf-podman-5.2.0-man",
              "default": true
            }
          ],
          "store_path": "/nix/store/klxzs8lwh5ixd0rlnsmsa2119g2zc3jy-podman-5.2.0"
        },
        "aarch64-linux": {
          "outputs": [
            {
              "name": "out",
              "path": "/nix/store/s2imllbjs6mbysx5ccpply3zinddkwa9-podman-5.2.0",
              "default": true
            },
            {
              "name": "man",
              "path": "/nix/store/79y83wz55qnvjk2aaw6vcax0qc41n5r2-podman-5.2.0-man",
              "default": true
            }
          ],
          "store_path": "/nix/store/s2imllbjs6mbysx5ccpply3zinddkwa9-podman-5.2.0"
        },
        "x86_64-darwin": {
          "outputs": [
            {
              "name": "out",
              "path": "/nix/store/kxyqkm8y17w30xypyavynidmnml9scxr-podman-5.2.0",
              "default": true
            },
            {
              "name": "man",
              "path": "/nix/store/gy61kgy7g8cn9ddakcph7lkms5pbxdi4-podman-5.2.0-man",
              "default": true
            }
          ],
          "store_path": "/nix/store/kxyqkm8y17w30xypyavynidmnml9scxr-podman-5.2.0"
        },
        "x86_64-linux": {
          "outputs": [
            {
              "name": "out",
              "path": "/nix/store/rwmam4p8f25ani5qm5gy57v91caggswx-podman-5.2.0",
              "default": true
            },
            {
              "name": "man",
              "path": "/nix/store/n6q63aaih420c4rv79zr2r6fjclpgxda-podman-5.2.0-man",
              "default": true
            }
          ],
          "store_path": "/nix/store/rwmam4p8f25ani5qm5gy57v91caggswx-podman-5.2.0"
        }
      }
    },
    "protobuf@latest": {
      "last_modified": "2024-07-31T08:48:38Z",
      "resolved": "github:NixOS/nixpkgs/c3392ad349a5227f4a3464dce87bcc5046692fce#protobuf",
      "source": "devbox-search",
      "version": "25.3",
      "systems": {
        "aarch64-darwin": {
          "outputs": [
            {
              "name": "out",
              "path": "/nix/store/cyslrr162h90k3nnvrqnrmd6jw7466jc-protobuf-25.3",
              "default": true
            }
          ],
          "store_path": "/nix/store/cyslrr162h90k3nnvrqnrmd6jw7466jc-protobuf-25.3"
        },
        "aarch64-linux": {
          "outputs": [
            {
              "name": "out",
              "path": "/nix/store/g0k64p665wdqadg6dp20sz83dqy1q2r6-protobuf-25.3",
              "default": true
            }
          ],
          "store_path": "/nix/store/g0k64p665wdqadg6dp20sz83dqy1q2r6-protobuf-25.3"
        },
        "x86_64-darwin": {
          "outputs": [
            {
              "name": "out",
              "path": "/nix/store/pmf0jw5jd8ai3c0x89hc45xfpdgmpcfn-protobuf-25.3",
              "default": true
            }
          ],
          "store_path": "/nix/store/pmf0jw5jd8ai3c0x89hc45xfpdgmpcfn-protobuf-25.3"
        },
        "x86_64-linux": {
          "outputs": [
            {
              "name": "out",
              "path": "/nix/store/zlrliq0akg5wn38rffmdkwrpbnhyllqj-protobuf-25.3",
              "default": true
            }
          ],
          "store_path": "/nix/store/zlrliq0akg5wn38rffmdkwrpbnhyllqj-protobuf-25.3"
        }
      }
    },
    "rustup@latest": {
      "last_modified": "2024-07-07T07:43:47Z",
      "plugin_version": "0.0.1",
      "resolved": "github:NixOS/nixpkgs/b60793b86201040d9dee019a05089a9150d08b5b#rustup",
      "source": "devbox-search",
      "version": "1.26.0",
      "systems": {
        "aarch64-darwin": {
          "outputs": [
            {
              "name": "out",
              "path": "/nix/store/9fcngl4lj7lakajafyfpwddigy5x7xz3-rustup-1.26.0",
              "default": true
            }
          ],
          "store_path": "/nix/store/9fcngl4lj7lakajafyfpwddigy5x7xz3-rustup-1.26.0"
        },
        "aarch64-linux": {
          "outputs": [
            {
              "name": "out",
              "path": "/nix/store/9zp7146714iwf140fapdi0mgb86yds92-rustup-1.26.0",
              "default": true
            }
          ],
          "store_path": "/nix/store/9zp7146714iwf140fapdi0mgb86yds92-rustup-1.26.0"
        },
        "x86_64-darwin": {
          "outputs": [
            {
              "name": "out",
              "path": "/nix/store/vj2nv91k8wpk63iyjk93y1b7fflmbjm9-rustup-1.26.0",
              "default": true
            }
          ],
          "store_path": "/nix/store/vj2nv91k8wpk63iyjk93y1b7fflmbjm9-rustup-1.26.0"
        },
        "x86_64-linux": {
          "outputs": [
            {
              "name": "out",
              "path": "/nix/store/crphpnlzwspccbflgfakqm45hfxw1sdx-rustup-1.26.0",
              "default": true
            }
          ],
          "store_path": "/nix/store/crphpnlzwspccbflgfakqm45hfxw1sdx-rustup-1.26.0"
        }
      }
    },
    "starship@latest": {
      "last_modified": "2024-07-28T04:39:20Z",
      "resolved": "github:NixOS/nixpkgs/038fb464fcfa79b4f08131b07f2d8c9a6bcc4160#starship",
      "source": "devbox-search",
      "version": "1.20.1",
      "systems": {
        "aarch64-darwin": {
          "outputs": [
            {
              "name": "out",
              "path": "/nix/store/r66w7dbl1h16a6l2xrydsxkf3hhc8dm4-starship-1.20.1",
              "default": true
            }
          ],
          "store_path": "/nix/store/r66w7dbl1h16a6l2xrydsxkf3hhc8dm4-starship-1.20.1"
        },
        "aarch64-linux": {
          "outputs": [
            {
              "name": "out",
              "path": "/nix/store/rd24bys1fi1kqgqaqx4f69cn3wbp2910-starship-1.20.1",
              "default": true
            }
          ],
          "store_path": "/nix/store/rd24bys1fi1kqgqaqx4f69cn3wbp2910-starship-1.20.1"
        },
        "x86_64-darwin": {
          "outputs": [
            {
              "name": "out",
              "path": "/nix/store/gd8qva7xcy2nkzgmll64mxv9y0gy56wn-starship-1.20.1",
              "default": true
            }
          ],
          "store_path": "/nix/store/gd8qva7xcy2nkzgmll64mxv9y0gy56wn-starship-1.20.1"
        },
        "x86_64-linux": {
          "outputs": [
            {
              "name": "out",
              "path": "/nix/store/46l65nshjrrvpdpggnb5d7d3blxyjsz8-starship-1.20.1",
              "default": true
            }
          ],
          "store_path": "/nix/store/46l65nshjrrvpdpggnb5d7d3blxyjsz8-starship-1.20.1"
        }
      }
    }
  }
}
