
Microsoft Visual Studio Solution File, Format Version 10.00
# Visual Studio 2008
Project("{FF3099C4-6A31-4C83-B236-21767F9DA1B1}") = "dio_ef_config_1_pwm_and_1_counter", "dio_ef_config_1_pwm_and_1_counter.vcproj", "{605A422A-E874-47E2-8431-B738F815095D}"
EndProject
Global
	GlobalSection(SolutionConfigurationPlatforms) = preSolution
		Debug|Win32 = Debug|Win32
		Debug|x64 = Debug|x64
		Release|Win32 = Release|Win32
		Release|x64 = Release|x64
	EndGlobalSection
	GlobalSection(ProjectConfigurationPlatforms) = postSolution
		{605A422A-E874-47E2-8431-B738F815095D}.Debug|Win32.ActiveCfg = Debug|Win32
		{605A422A-E874-47E2-8431-B738F815095D}.Debug|Win32.Build.0 = Debug|Win32
		{605A422A-E874-47E2-8431-B738F815095D}.Debug|x64.ActiveCfg = Debug|x64
		{605A422A-E874-47E2-8431-B738F815095D}.Debug|x64.Build.0 = Debug|x64
		{605A422A-E874-47E2-8431-B738F815095D}.Release|Win32.ActiveCfg = Release|Win32
		{605A422A-E874-47E2-8431-B738F815095D}.Release|Win32.Build.0 = Release|Win32
		{605A422A-E874-47E2-8431-B738F815095D}.Release|x64.ActiveCfg = Release|x64
		{605A422A-E874-47E2-8431-B738F815095D}.Release|x64.Build.0 = Release|x64
	EndGlobalSection
	GlobalSection(SolutionProperties) = preSolution
		HideSolutionNode = FALSE
	EndGlobalSection
EndGlobal
